// !$*UTF8*$!
{
	archiveVersion = 1;
	classes = {
	};
	objectVersion = 50;
	objects = {

/* Begin PBXBuildFile section */
		A1555B1225D01B6E00DB4003 /* Habit_TrackerApp.swift in Sources */ = {isa = PBXBuildFile; fileRef = A1555AFF25D01B6D00DB4003 /* Habit_TrackerApp.swift */; };
		A1555B1325D01B6E00DB4003 /* Habit_TrackerApp.swift in Sources */ = {isa = PBXBuildFile; fileRef = A1555AFF25D01B6D00DB4003 /* Habit_TrackerApp.swift */; };
		A1555B1425D01B6E00DB4003 /* ContentView.swift in Sources */ = {isa = PBXBuildFile; fileRef = A1555B0025D01B6D00DB4003 /* ContentView.swift */; };
		A1555B1525D01B6E00DB4003 /* ContentView.swift in Sources */ = {isa = PBXBuildFile; fileRef = A1555B0025D01B6D00DB4003 /* ContentView.swift */; };
		A1555B1625D01B6E00DB4003 /* Assets.xcassets in Resources */ = {isa = PBXBuildFile; fileRef = A1555B0125D01B6E00DB4003 /* Assets.xcassets */; };
		A1555B1725D01B6E00DB4003 /* Assets.xcassets in Resources */ = {isa = PBXBuildFile; fileRef = A1555B0125D01B6E00DB4003 /* Assets.xcassets */; };
		A1555B2325D01D2400DB4003 /* HabitCard.swift in Sources */ = {isa = PBXBuildFile; fileRef = A1555B2225D01D2400DB4003 /* HabitCard.swift */; };
		A1555B2425D01D2400DB4003 /* HabitCard.swift in Sources */ = {isa = PBXBuildFile; fileRef = A1555B2225D01D2400DB4003 /* HabitCard.swift */; };
		A1555B2825D01D3200DB4003 /* HabitsList.swift in Sources */ = {isa = PBXBuildFile; fileRef = A1555B2725D01D3200DB4003 /* HabitsList.swift */; };
		A1555B2925D01D3200DB4003 /* HabitsList.swift in Sources */ = {isa = PBXBuildFile; fileRef = A1555B2725D01D3200DB4003 /* HabitsList.swift */; };
		A1555B2D25D01D6A00DB4003 /* Models.swift in Sources */ = {isa = PBXBuildFile; fileRef = A1555B2C25D01D6A00DB4003 /* Models.swift */; };
		A1555B2E25D01D6A00DB4003 /* Models.swift in Sources */ = {isa = PBXBuildFile; fileRef = A1555B2C25D01D6A00DB4003 /* Models.swift */; };
		A1555B3325D0242500DB4003 /* Color+Codable.swift in Sources */ = {isa = PBXBuildFile; fileRef = A1555B3225D0242500DB4003 /* Color+Codable.swift */; };
		A1555B3425D0242500DB4003 /* Color+Codable.swift in Sources */ = {isa = PBXBuildFile; fileRef = A1555B3225D0242500DB4003 /* Color+Codable.swift */; };
		A1555B3A25D0298500DB4003 /* HabitsData.swift in Sources */ = {isa = PBXBuildFile; fileRef = A1555B3925D0298500DB4003 /* HabitsData.swift */; };
		A1555B3B25D0298500DB4003 /* HabitsData.swift in Sources */ = {isa = PBXBuildFile; fileRef = A1555B3925D0298500DB4003 /* HabitsData.swift */; };
		A1555B3F25D02D3100DB4003 /* LICENSE in Resources */ = {isa = PBXBuildFile; fileRef = A1555B3E25D02D3100DB4003 /* LICENSE */; };
		A1555B4025D02D3100DB4003 /* LICENSE in Resources */ = {isa = PBXBuildFile; fileRef = A1555B3E25D02D3100DB4003 /* LICENSE */; };
/* End PBXBuildFile section */

/* Begin PBXFileReference section */
		A1555AFF25D01B6D00DB4003 /* Habit_TrackerApp.swift */ = {isa = PBXFileReference; lastKnownFileType = sourcecode.swift; path = Habit_TrackerApp.swift; sourceTree = "<group>"; };
		A1555B0025D01B6D00DB4003 /* ContentView.swift */ = {isa = PBXFileReference; lastKnownFileType = sourcecode.swift; path = ContentView.swift; sourceTree = "<group>"; };
		A1555B0125D01B6E00DB4003 /* Assets.xcassets */ = {isa = PBXFileReference; lastKnownFileType = folder.assetcatalog; path = Assets.xcassets; sourceTree = "<group>"; };
		A1555B0625D01B6E00DB4003 /* Habit Tracker.app */ = {isa = PBXFileReference; explicitFileType = wrapper.application; includeInIndex = 0; path = "Habit Tracker.app"; sourceTree = BUILT_PRODUCTS_DIR; };
		A1555B0925D01B6E00DB4003 /* Info.plist */ = {isa = PBXFileReference; lastKnownFileType = text.plist.xml; path = Info.plist; sourceTree = "<group>"; };
		A1555B0E25D01B6E00DB4003 /* Habit Tracker.app */ = {isa = PBXFileReference; explicitFileType = wrapper.application; includeInIndex = 0; path = "Habit Tracker.app"; sourceTree = BUILT_PRODUCTS_DIR; };
		A1555B1025D01B6E00DB4003 /* Info.plist */ = {isa = PBXFileReference; lastKnownFileType = text.plist.xml; path = Info.plist; sourceTree = "<group>"; };
		A1555B1125D01B6E00DB4003 /* macOS.entitlements */ = {isa = PBXFileReference; lastKnownFileType = text.plist.entitlements; path = macOS.entitlements; sourceTree = "<group>"; };
		A1555B2225D01D2400DB4003 /* HabitCard.swift */ = {isa = PBXFileReference; lastKnownFileType = sourcecode.swift; path = HabitCard.swift; sourceTree = "<group>"; };
		A1555B2725D01D3200DB4003 /* HabitsList.swift */ = {isa = PBXFileReference; lastKnownFileType = sourcecode.swift; path = HabitsList.swift; sourceTree = "<group>"; };
		A1555B2C25D01D6A00DB4003 /* Models.swift */ = {isa = PBXFileReference; lastKnownFileType = sourcecode.swift; path = Models.swift; sourceTree = "<group>"; };
		A1555B3225D0242500DB4003 /* Color+Codable.swift */ = {isa = PBXFileReference; lastKnownFileType = sourcecode.swift; path = "Color+Codable.swift"; sourceTree = "<group>"; };
		A1555B3925D0298500DB4003 /* HabitsData.swift */ = {isa = PBXFileReference; lastKnownFileType = sourcecode.swift; path = HabitsData.swift; sourceTree = "<group>"; };
		A1555B3E25D02D3100DB4003 /* LICENSE */ = {isa = PBXFileReference; fileEncoding = 4; lastKnownFileType = text; path = LICENSE; sourceTree = "<group>"; };
		A1555B4325D02D3B00DB4003 /* README.md */ = {isa = PBXFileReference; lastKnownFileType = net.daringfireball.markdown; path = README.md; sourceTree = "<group>"; };
/* End PBXFileReference section */

/* Begin PBXFrameworksBuildPhase section */
		A1555B0325D01B6E00DB4003 /* Frameworks */ = {
			isa = PBXFrameworksBuildPhase;
			buildActionMask = 2147483647;
			files = (
			);
			runOnlyForDeploymentPostprocessing = 0;
		};
		A1555B0B25D01B6E00DB4003 /* Frameworks */ = {
			isa = PBXFrameworksBuildPhase;
			buildActionMask = 2147483647;
			files = (
			);
			runOnlyForDeploymentPostprocessing = 0;
		};
/* End PBXFrameworksBuildPhase section */

/* Begin PBXGroup section */
		A1555AF925D01B6C00DB4003 = {
			isa = PBXGroup;
			children = (
				A1555B4325D02D3B00DB4003 /* README.md */,
				A1555B3E25D02D3100DB4003 /* LICENSE */,
				A1555AFE25D01B6D00DB4003 /* Shared */,
				A1555B0825D01B6E00DB4003 /* iOS */,
				A1555B0F25D01B6E00DB4003 /* macOS */,
				A1555B0725D01B6E00DB4003 /* Products */,
			);
			sourceTree = "<group>";
		};
		A1555AFE25D01B6D00DB4003 /* Shared */ = {
			isa = PBXGroup;
			children = (
				A1555B3125D0241300DB4003 /* Models */,
				A1555AFF25D01B6D00DB4003 /* Habit_TrackerApp.swift */,
				A1555B0025D01B6D00DB4003 /* ContentView.swift */,
				A1555B0125D01B6E00DB4003 /* Assets.xcassets */,
				A1555B2225D01D2400DB4003 /* HabitCard.swift */,
				A1555B2725D01D3200DB4003 /* HabitsList.swift */,
			);
			path = Shared;
			sourceTree = "<group>";
		};
		A1555B0725D01B6E00DB4003 /* Products */ = {
			isa = PBXGroup;
			children = (
				A1555B0625D01B6E00DB4003 /* Habit Tracker.app */,
				A1555B0E25D01B6E00DB4003 /* Habit Tracker.app */,
			);
			name = Products;
			sourceTree = "<group>";
		};
		A1555B0825D01B6E00DB4003 /* iOS */ = {
			isa = PBXGroup;
			children = (
				A1555B0925D01B6E00DB4003 /* Info.plist */,
			);
			path = iOS;
			sourceTree = "<group>";
		};
		A1555B0F25D01B6E00DB4003 /* macOS */ = {
			isa = PBXGroup;
			children = (
				A1555B1025D01B6E00DB4003 /* Info.plist */,
				A1555B1125D01B6E00DB4003 /* macOS.entitlements */,
			);
			path = macOS;
			sourceTree = "<group>";
		};
		A1555B3125D0241300DB4003 /* Models */ = {
			isa = PBXGroup;
			children = (
				A1555B2C25D01D6A00DB4003 /* Models.swift */,
				A1555B3225D0242500DB4003 /* Color+Codable.swift */,
				A1555B3925D0298500DB4003 /* HabitsData.swift */,
			);
			path = Models;
			sourceTree = "<group>";
		};
/* End PBXGroup section */

/* Begin PBXNativeTarget section */
		A1555B0525D01B6E00DB4003 /* Habit Tracker (iOS) */ = {
			isa = PBXNativeTarget;
			buildConfigurationList = A1555B1A25D01B6E00DB4003 /* Build configuration list for PBXNativeTarget "Habit Tracker (iOS)" */;
			buildPhases = (
				A1555B0225D01B6E00DB4003 /* Sources */,
				A1555B0325D01B6E00DB4003 /* Frameworks */,
				A1555B0425D01B6E00DB4003 /* Resources */,
			);
			buildRules = (
			);
			dependencies = (
			);
			name = "Habit Tracker (iOS)";
			productName = "Habit Tracker (iOS)";
			productReference = A1555B0625D01B6E00DB4003 /* Habit Tracker.app */;
			productType = "com.apple.product-type.application";
		};
		A1555B0D25D01B6E00DB4003 /* Habit Tracker (macOS) */ = {
			isa = PBXNativeTarget;
			buildConfigurationList = A1555B1D25D01B6E00DB4003 /* Build configuration list for PBXNativeTarget "Habit Tracker (macOS)" */;
			buildPhases = (
				A1555B0A25D01B6E00DB4003 /* Sources */,
				A1555B0B25D01B6E00DB4003 /* Frameworks */,
				A1555B0C25D01B6E00DB4003 /* Resources */,
			);
			buildRules = (
			);
			dependencies = (
			);
			name = "Habit Tracker (macOS)";
			productName = "Habit Tracker (macOS)";
			productReference = A1555B0E25D01B6E00DB4003 /* Habit Tracker.app */;
			productType = "com.apple.product-type.application";
		};
/* End PBXNativeTarget section */

/* Begin PBXProject section */
		A1555AFA25D01B6C00DB4003 /* Project object */ = {
			isa = PBXProject;
			attributes = {
				LastSwiftUpdateCheck = 1240;
				LastUpgradeCheck = 1240;
				TargetAttributes = {
					A1555B0525D01B6E00DB4003 = {
						CreatedOnToolsVersion = 12.4;
					};
					A1555B0D25D01B6E00DB4003 = {
						CreatedOnToolsVersion = 12.4;
					};
				};
			};
			buildConfigurationList = A1555AFD25D01B6C00DB4003 /* Build configuration list for PBXProject "Habit Tracker" */;
			compatibilityVersion = "Xcode 9.3";
			developmentRegion = en;
			hasScannedForEncodings = 0;
			knownRegions = (
				en,
				Base,
			);
			mainGroup = A1555AF925D01B6C00DB4003;
			productRefGroup = A1555B0725D01B6E00DB4003 /* Products */;
			projectDirPath = "";
			projectRoot = "";
			targets = (
				A1555B0525D01B6E00DB4003 /* Habit Tracker (iOS) */,
				A1555B0D25D01B6E00DB4003 /* Habit Tracker (macOS) */,
			);
		};
/* End PBXProject section */

/* Begin PBXResourcesBuildPhase section */
		A1555B0425D01B6E00DB4003 /* Resources */ = {
			isa = PBXResourcesBuildPhase;
			buildActionMask = 2147483647;
			files = (
				A1555B3F25D02D3100DB4003 /* LICENSE in Resources */,
				A1555B1625D01B6E00DB4003 /* Assets.xcassets in Resources */,
			);
			runOnlyForDeploymentPostprocessing = 0;
		};
		A1555B0C25D01B6E00DB4003 /* Resources */ = {
			isa = PBXResourcesBuildPhase;
			buildActionMask = 2147483647;
			files = (
				A1555B4025D02D3100DB4003 /* LICENSE in Resources */,
				A1555B1725D01B6E00DB4003 /* Assets.xcassets in Resources */,
			);
			runOnlyForDeploymentPostprocessing = 0;
		};
/* End PBXResourcesBuildPhase section */

/* Begin PBXSourcesBuildPhase section */
		A1555B0225D01B6E00DB4003 /* Sources */ = {
			isa = PBXSourcesBuildPhase;
			buildActionMask = 2147483647;
			files = (
				A1555B1425D01B6E00DB4003 /* ContentView.swift in Sources */,
				A1555B2325D01D2400DB4003 /* HabitCard.swift in Sources */,
				A1555B3A25D0298500DB4003 /* HabitsData.swift in Sources */,
				A1555B2825D01D3200DB4003 /* HabitsList.swift in Sources */,
				A1555B1225D01B6E00DB4003 /* Habit_TrackerApp.swift in Sources */,
				A1555B3325D0242500DB4003 /* Color+Codable.swift in Sources */,
				A1555B2D25D01D6A00DB4003 /* Models.swift in Sources */,
			);
			runOnlyForDeploymentPostprocessing = 0;
		};
		A1555B0A25D01B6E00DB4003 /* Sources */ = {
			isa = PBXSourcesBuildPhase;
			buildActionMask = 2147483647;
			files = (
				A1555B1525D01B6E00DB4003 /* ContentView.swift in Sources */,
				A1555B2425D01D2400DB4003 /* HabitCard.swift in Sources */,
				A1555B3B25D0298500DB4003 /* HabitsData.swift in Sources */,
				A1555B2925D01D3200DB4003 /* HabitsList.swift in Sources */,
				A1555B1325D01B6E00DB4003 /* Habit_TrackerApp.swift in Sources */,
				A1555B3425D0242500DB4003 /* Color+Codable.swift in Sources */,
				A1555B2E25D01D6A00DB4003 /* Models.swift in Sources */,
			);
			runOnlyForDeploymentPostprocessing = 0;
		};
/* End PBXSourcesBuildPhase section */

/* Begin XCBuildConfiguration section */
		A1555B1825D01B6E00DB4003 /* Debug */ = {
			isa = XCBuildConfiguration;
			buildSettings = {
				ALWAYS_SEARCH_USER_PATHS = NO;
				CLANG_ANALYZER_NONNULL = YES;
				CLANG_ANALYZER_NUMBER_OBJECT_CONVERSION = YES_AGGRESSIVE;
				CLANG_CXX_LANGUAGE_STANDARD = "gnu++14";
				CLANG_CXX_LIBRARY = "libc++";
				CLANG_ENABLE_MODULES = YES;
				CLANG_ENABLE_OBJC_ARC = YES;
				CLANG_ENABLE_OBJC_WEAK = YES;
				CLANG_WARN_BLOCK_CAPTURE_AUTORELEASING = YES;
				CLANG_WARN_BOOL_CONVERSION = YES;
				CLANG_WARN_COMMA = YES;
				CLANG_WARN_CONSTANT_CONVERSION = YES;
				CLANG_WARN_DEPRECATED_OBJC_IMPLEMENTATIONS = YES;
				CLANG_WARN_DIRECT_OBJC_ISA_USAGE = YES_ERROR;
				CLANG_WARN_DOCUMENTATION_COMMENTS = YES;
				CLANG_WARN_EMPTY_BODY = YES;
				CLANG_WARN_ENUM_CONVERSION = YES;
				CLANG_WARN_INFINITE_RECURSION = YES;
				CLANG_WARN_INT_CONVERSION = YES;
				CLANG_WARN_NON_LITERAL_NULL_CONVERSION = YES;
				CLANG_WARN_OBJC_IMPLICIT_RETAIN_SELF = YES;
				CLANG_WARN_OBJC_LITERAL_CONVERSION = YES;
				CLANG_WARN_OBJC_ROOT_CLASS = YES_ERROR;
				CLANG_WARN_QUOTED_INCLUDE_IN_FRAMEWORK_HEADER = YES;
				CLANG_WARN_RANGE_LOOP_ANALYSIS = YES;
				CLANG_WARN_STRICT_PROTOTYPES = YES;
				CLANG_WARN_SUSPICIOUS_MOVE = YES;
				CLANG_WARN_UNGUARDED_AVAILABILITY = YES_AGGRESSIVE;
				CLANG_WARN_UNREACHABLE_CODE = YES;
				CLANG_WARN__DUPLICATE_METHOD_MATCH = YES;
				COPY_PHASE_STRIP = NO;
				DEBUG_INFORMATION_FORMAT = dwarf;
				ENABLE_STRICT_OBJC_MSGSEND = YES;
				ENABLE_TESTABILITY = YES;
				GCC_C_LANGUAGE_STANDARD = gnu11;
				GCC_DYNAMIC_NO_PIC = NO;
				GCC_NO_COMMON_BLOCKS = YES;
				GCC_OPTIMIZATION_LEVEL = 0;
				GCC_PREPROCESSOR_DEFINITIONS = (
					"DEBUG=1",
					"$(inherited)",
				);
				GCC_WARN_64_TO_32_BIT_CONVERSION = YES;
				GCC_WARN_ABOUT_RETURN_TYPE = YES_ERROR;
				GCC_WARN_UNDECLARED_SELECTOR = YES;
				GCC_WARN_UNINITIALIZED_AUTOS = YES_AGGRESSIVE;
				GCC_WARN_UNUSED_FUNCTION = YES;
				GCC_WARN_UNUSED_VARIABLE = YES;
				MTL_ENABLE_DEBUG_INFO = INCLUDE_SOURCE;
				MTL_FAST_MATH = YES;
				ONLY_ACTIVE_ARCH = YES;
				SWIFT_ACTIVE_COMPILATION_CONDITIONS = DEBUG;
				SWIFT_OPTIMIZATION_LEVEL = "-Onone";
			};
			name = Debug;
		};
		A1555B1925D01B6E00DB4003 /* Release */ = {
			isa = XCBuildConfiguration;
			buildSettings = {
				ALWAYS_SEARCH_USER_PATHS = NO;
				CLANG_ANALYZER_NONNULL = YES;
				CLANG_ANALYZER_NUMBER_OBJECT_CONVERSION = YES_AGGRESSIVE;
				CLANG_CXX_LANGUAGE_STANDARD = "gnu++14";
				CLANG_CXX_LIBRARY = "libc++";
				CLANG_ENABLE_MODULES = YES;
				CLANG_ENABLE_OBJC_ARC = YES;
				CLANG_ENABLE_OBJC_WEAK = YES;
				CLANG_WARN_BLOCK_CAPTURE_AUTORELEASING = YES;
				CLANG_WARN_BOOL_CONVERSION = YES;
				CLANG_WARN_COMMA = YES;
				CLANG_WARN_CONSTANT_CONVERSION = YES;
				CLANG_WARN_DEPRECATED_OBJC_IMPLEMENTATIONS = YES;
				CLANG_WARN_DIRECT_OBJC_ISA_USAGE = YES_ERROR;
				CLANG_WARN_DOCUMENTATION_COMMENTS = YES;
				CLANG_WARN_EMPTY_BODY = YES;
				CLANG_WARN_ENUM_CONVERSION = YES;
				CLANG_WARN_INFINITE_RECURSION = YES;
				CLANG_WARN_INT_CONVERSION = YES;
				CLANG_WARN_NON_LITERAL_NULL_CONVERSION = YES;
				CLANG_WARN_OBJC_IMPLICIT_RETAIN_SELF = YES;
				CLANG_WARN_OBJC_LITERAL_CONVERSION = YES;
				CLANG_WARN_OBJC_ROOT_CLASS = YES_ERROR;
				CLANG_WARN_QUOTED_INCLUDE_IN_FRAMEWORK_HEADER = YES;
				CLANG_WARN_RANGE_LOOP_ANALYSIS = YES;
				CLANG_WARN_STRICT_PROTOTYPES = YES;
				CLANG_WARN_SUSPICIOUS_MOVE = YES;
				CLANG_WARN_UNGUARDED_AVAILABILITY = YES_AGGRESSIVE;
				CLANG_WARN_UNREACHABLE_CODE = YES;
				CLANG_WARN__DUPLICATE_METHOD_MATCH = YES;
				COPY_PHASE_STRIP = NO;
				DEBUG_INFORMATION_FORMAT = "dwarf-with-dsym";
				ENABLE_NS_ASSERTIONS = NO;
				ENABLE_STRICT_OBJC_MSGSEND = YES;
				GCC_C_LANGUAGE_STANDARD = gnu11;
				GCC_NO_COMMON_BLOCKS = YES;
				GCC_WARN_64_TO_32_BIT_CONVERSION = YES;
				GCC_WARN_ABOUT_RETURN_TYPE = YES_ERROR;
				GCC_WARN_UNDECLARED_SELECTOR = YES;
				GCC_WARN_UNINITIALIZED_AUTOS = YES_AGGRESSIVE;
				GCC_WARN_UNUSED_FUNCTION = YES;
				GCC_WARN_UNUSED_VARIABLE = YES;
				MTL_ENABLE_DEBUG_INFO = NO;
				MTL_FAST_MATH = YES;
				SWIFT_COMPILATION_MODE = wholemodule;
				SWIFT_OPTIMIZATION_LEVEL = "-O";
			};
			name = Release;
		};
		A1555B1B25D01B6E00DB4003 /* Debug */ = {
			isa = XCBuildConfiguration;
			buildSettings = {
				ASSETCATALOG_COMPILER_APPICON_NAME = AppIcon;
				ASSETCATALOG_COMPILER_GLOBAL_ACCENT_COLOR_NAME = AccentColor;
				CODE_SIGN_STYLE = Automatic;
				DEVELOPMENT_TEAM = F4TL4LM96Q;
				ENABLE_PREVIEWS = YES;
				INFOPLIST_FILE = iOS/Info.plist;
				IPHONEOS_DEPLOYMENT_TARGET = 14.0;
				LD_RUNPATH_SEARCH_PATHS = (
					"$(inherited)",
					"@executable_path/Frameworks",
				);
				PRODUCT_BUNDLE_IDENTIFIER = "com.louis993546.Habit-Tracker";
				PRODUCT_NAME = "Habit Tracker";
				SDKROOT = iphoneos;
				SWIFT_VERSION = 5.0;
				TARGETED_DEVICE_FAMILY = "1,2";
			};
			name = Debug;
		};
		A1555B1C25D01B6E00DB4003 /* Release */ = {
			isa = XCBuildConfiguration;
			buildSettings = {
				ASSETCATALOG_COMPILER_APPICON_NAME = AppIcon;
				ASSETCATALOG_COMPILER_GLOBAL_ACCENT_COLOR_NAME = AccentColor;
				CODE_SIGN_STYLE = Automatic;
				DEVELOPMENT_TEAM = F4TL4LM96Q;
				ENABLE_PREVIEWS = YES;
				INFOPLIST_FILE = iOS/Info.plist;
				IPHONEOS_DEPLOYMENT_TARGET = 14.0;
				LD_RUNPATH_SEARCH_PATHS = (
					"$(inherited)",
					"@executable_path/Frameworks",
				);
				PRODUCT_BUNDLE_IDENTIFIER = "com.louis993546.Habit-Tracker";
				PRODUCT_NAME = "Habit Tracker";
				SDKROOT = iphoneos;
				SWIFT_VERSION = 5.0;
				TARGETED_DEVICE_FAMILY = "1,2";
				VALIDATE_PRODUCT = YES;
			};
			name = Release;
		};
		A1555B1E25D01B6E00DB4003 /* Debug */ = {
			isa = XCBuildConfiguration;
			buildSettings = {
				ASSETCATALOG_COMPILER_APPICON_NAME = AppIcon;
				ASSETCATALOG_COMPILER_GLOBAL_ACCENT_COLOR_NAME = AccentColor;
				CODE_SIGN_ENTITLEMENTS = macOS/macOS.entitlements;
				CODE_SIGN_STYLE = Automatic;
				COMBINE_HIDPI_IMAGES = YES;
				DEVELOPMENT_TEAM = F4TL4LM96Q;
				ENABLE_HARDENED_RUNTIME = YES;
				ENABLE_PREVIEWS = YES;
				INFOPLIST_FILE = macOS/Info.plist;
				LD_RUNPATH_SEARCH_PATHS = (
					"$(inherited)",
					"@executable_path/../Frameworks",
				);
				MACOSX_DEPLOYMENT_TARGET = 11.0;
				PRODUCT_BUNDLE_IDENTIFIER = "com.louis993546.Habit-Tracker";
				PRODUCT_NAME = "Habit Tracker";
				SDKROOT = macosx;
				SWIFT_VERSION = 5.0;
			};
			name = Debug;
		};
		A1555B1F25D01B6E00DB4003 /* Release */ = {
			isa = XCBuildConfiguration;
			buildSettings = {
				ASSETCATALOG_COMPILER_APPICON_NAME = AppIcon;
				ASSETCATALOG_COMPILER_GLOBAL_ACCENT_COLOR_NAME = AccentColor;
				CODE_SIGN_ENTITLEMENTS = macOS/macOS.entitlements;
				CODE_SIGN_STYLE = Automatic;
				COMBINE_HIDPI_IMAGES = YES;
				DEVELOPMENT_TEAM = F4TL4LM96Q;
				ENABLE_HARDENED_RUNTIME = YES;
				ENABLE_PREVIEWS = YES;
				INFOPLIST_FILE = macOS/Info.plist;
				LD_RUNPATH_SEARCH_PATHS = (
					"$(inherited)",
					"@executable_path/../Frameworks",
				);
				MACOSX_DEPLOYMENT_TARGET = 11.0;
				PRODUCT_BUNDLE_IDENTIFIER = "com.louis993546.Habit-Tracker";
				PRODUCT_NAME = "Habit Tracker";
				SDKROOT = macosx;
				SWIFT_VERSION = 5.0;
			};
			name = Release;
		};
/* End XCBuildConfiguration section */

/* Begin XCConfigurationList section */
		A1555AFD25D01B6C00DB4003 /* Build configuration list for PBXProject "Habit Tracker" */ = {
			isa = XCConfigurationList;
			buildConfigurations = (
				A1555B1825D01B6E00DB4003 /* Debug */,
				A1555B1925D01B6E00DB4003 /* Release */,
			);
			defaultConfigurationIsVisible = 0;
			defaultConfigurationName = Release;
		};
		A1555B1A25D01B6E00DB4003 /* Build configuration list for PBXNativeTarget "Habit Tracker (iOS)" */ = {
			isa = XCConfigurationList;
			buildConfigurations = (
				A1555B1B25D01B6E00DB4003 /* Debug */,
				A1555B1C25D01B6E00DB4003 /* Release */,
			);
			defaultConfigurationIsVisible = 0;
			defaultConfigurationName = Release;
		};
		A1555B1D25D01B6E00DB4003 /* Build configuration list for PBXNativeTarget "Habit Tracker (macOS)" */ = {
			isa = XCConfigurationList;
			buildConfigurations = (
				A1555B1E25D01B6E00DB4003 /* Debug */,
				A1555B1F25D01B6E00DB4003 /* Release */,
			);
			defaultConfigurationIsVisible = 0;
			defaultConfigurationName = Release;
		};
/* End XCConfigurationList section */
	};
	rootObject = A1555AFA25D01B6C00DB4003 /* Project object */;
}
